// !$*UTF8*$!
{
	archiveVersion = 1;
	classes = {
	};
	objectVersion = 50;
	objects = {

/* Begin PBXBuildFile section */
		EFD0A25D212FAE0B0074BC4A /* AppDelegate.swift in Sources */ = {isa = PBXBuildFile; fileRef = EFD0A25C212FAE0B0074BC4A /* AppDelegate.swift */; };
		EFD0A25F212FAE0B0074BC4A /* ViewController.swift in Sources */ = {isa = PBXBuildFile; fileRef = EFD0A25E212FAE0B0074BC4A /* ViewController.swift */; };
		EFD0A262212FAE0B0074BC4A /* Main.storyboard in Resources */ = {isa = PBXBuildFile; fileRef = EFD0A260212FAE0B0074BC4A /* Main.storyboard */; };
		EFD0A264212FAE0D0074BC4A /* Assets.xcassets in Resources */ = {isa = PBXBuildFile; fileRef = EFD0A263212FAE0D0074BC4A /* Assets.xcassets */; };
		EFD0A267212FAE0D0074BC4A /* LaunchScreen.storyboard in Resources */ = {isa = PBXBuildFile; fileRef = EFD0A265212FAE0D0074BC4A /* LaunchScreen.storyboard */; };
		EFD0A26F212FAEB40074BC4A /* KeyframeAnimation.swift in Sources */ = {isa = PBXBuildFile; fileRef = EFD0A26E212FAEB40074BC4A /* KeyframeAnimation.swift */; };
/* End PBXBuildFile section */

/* Begin PBXFileReference section */
		EFD0A259212FAE0B0074BC4A /* Keyframe.app */ = {isa = PBXFileReference; explicitFileType = wrapper.application; includeInIndex = 0; path = Keyframe.app; sourceTree = BUILT_PRODUCTS_DIR; };
		EFD0A25C212FAE0B0074BC4A /* AppDelegate.swift */ = {isa = PBXFileReference; lastKnownFileType = sourcecode.swift; path = AppDelegate.swift; sourceTree = "<group>"; };
		EFD0A25E212FAE0B0074BC4A /* ViewController.swift */ = {isa = PBXFileReference; lastKnownFileType = sourcecode.swift; path = ViewController.swift; sourceTree = "<group>"; };
		EFD0A261212FAE0B0074BC4A /* Base */ = {isa = PBXFileReference; lastKnownFileType = file.storyboard; name = Base; path = Base.lproj/Main.storyboard; sourceTree = "<group>"; };
		EFD0A263212FAE0D0074BC4A /* Assets.xcassets */ = {isa = PBXFileReference; lastKnownFileType = folder.assetcatalog; path = Assets.xcassets; sourceTree = "<group>"; };
		EFD0A266212FAE0D0074BC4A /* Base */ = {isa = PBXFileReference; lastKnownFileType = file.storyboard; name = Base; path = Base.lproj/LaunchScreen.storyboard; sourceTree = "<group>"; };
		EFD0A268212FAE0D0074BC4A /* Info.plist */ = {isa = PBXFileReference; lastKnownFileType = text.plist.xml; path = Info.plist; sourceTree = "<group>"; };
		EFD0A26E212FAEB40074BC4A /* KeyframeAnimation.swift */ = {isa = PBXFileReference; lastKnownFileType = sourcecode.swift; path = KeyframeAnimation.swift; sourceTree = "<group>"; };
/* End PBXFileReference section */

/* Begin PBXFrameworksBuildPhase section */
		EFD0A256212FAE0B0074BC4A /* Frameworks */ = {
			isa = PBXFrameworksBuildPhase;
			buildActionMask = 2147483647;
			files = (
			);
			runOnlyForDeploymentPostprocessing = 0;
		};
/* End PBXFrameworksBuildPhase section */

/* Begin PBXGroup section */
		EFD0A250212FAE0B0074BC4A = {
			isa = PBXGroup;
			children = (
				EFD0A25B212FAE0B0074BC4A /* Keyframe */,
				EFD0A25A212FAE0B0074BC4A /* Products */,
			);
			sourceTree = "<group>";
		};
		EFD0A25A212FAE0B0074BC4A /* Products */ = {
			isa = PBXGroup;
			children = (
				EFD0A259212FAE0B0074BC4A /* Keyframe.app */,
			);
			name = Products;
			sourceTree = "<group>";
		};
		EFD0A25B212FAE0B0074BC4A /* Keyframe */ = {
			isa = PBXGroup;
			children = (
				EFD0A25C212FAE0B0074BC4A /* AppDelegate.swift */,
				EFD0A25E212FAE0B0074BC4A /* ViewController.swift */,
				EFD0A260212FAE0B0074BC4A /* Main.storyboard */,
				EFD0A263212FAE0D0074BC4A /* Assets.xcassets */,
				EFD0A265212FAE0D0074BC4A /* LaunchScreen.storyboard */,
				EFD0A268212FAE0D0074BC4A /* Info.plist */,
				EFD0A26E212FAEB40074BC4A /* KeyframeAnimation.swift */,
			);
			path = Keyframe;
			sourceTree = "<group>";
		};
/* End PBXGroup section */

/* Begin PBXNativeTarget section */
		EFD0A258212FAE0B0074BC4A /* Keyframe */ = {
			isa = PBXNativeTarget;
			buildConfigurationList = EFD0A26B212FAE0D0074BC4A /* Build configuration list for PBXNativeTarget "Keyframe" */;
			buildPhases = (
				EFD0A255212FAE0B0074BC4A /* Sources */,
				EFD0A256212FAE0B0074BC4A /* Frameworks */,
				EFD0A257212FAE0B0074BC4A /* Resources */,
			);
			buildRules = (
			);
			dependencies = (
			);
			name = Keyframe;
			productName = Keyframe;
			productReference = EFD0A259212FAE0B0074BC4A /* Keyframe.app */;
			productType = "com.apple.product-type.application";
		};
/* End PBXNativeTarget section */

/* Begin PBXProject section */
		EFD0A251212FAE0B0074BC4A /* Project object */ = {
			isa = PBXProject;
			attributes = {
				LastSwiftUpdateCheck = 0940;
				LastUpgradeCheck = 0940;
				ORGANIZATIONNAME = private;
				TargetAttributes = {
					EFD0A258212FAE0B0074BC4A = {
						CreatedOnToolsVersion = 9.4.1;
					};
				};
			};
			buildConfigurationList = EFD0A254212FAE0B0074BC4A /* Build configuration list for PBXProject "Keyframe" */;
			compatibilityVersion = "Xcode 9.3";
			developmentRegion = en;
			hasScannedForEncodings = 0;
			knownRegions = (
				en,
				Base,
			);
			mainGroup = EFD0A250212FAE0B0074BC4A;
			productRefGroup = EFD0A25A212FAE0B0074BC4A /* Products */;
			projectDirPath = "";
			projectRoot = "";
			targets = (
				EFD0A258212FAE0B0074BC4A /* Keyframe */,
			);
		};
/* End PBXProject section */

/* Begin PBXResourcesBuildPhase section */
		EFD0A257212FAE0B0074BC4A /* Resources */ = {
			isa = PBXResourcesBuildPhase;
			buildActionMask = 2147483647;
			files = (
				EFD0A267212FAE0D0074BC4A /* LaunchScreen.storyboard in Resources */,
				EFD0A264212FAE0D0074BC4A /* Assets.xcassets in Resources */,
				EFD0A262212FAE0B0074BC4A /* Main.storyboard in Resources */,
			);
			runOnlyForDeploymentPostprocessing = 0;
		};
/* End PBXResourcesBuildPhase section */

/* Begin PBXSourcesBuildPhase section */
		EFD0A255212FAE0B0074BC4A /* Sources */ = {
			isa = PBXSourcesBuildPhase;
			buildActionMask = 2147483647;
			files = (
				EFD0A25F212FAE0B0074BC4A /* ViewController.swift in Sources */,
				EFD0A25D212FAE0B0074BC4A /* AppDelegate.swift in Sources */,
				EFD0A26F212FAEB40074BC4A /* KeyframeAnimation.swift in Sources */,
			);
			runOnlyForDeploymentPostprocessing = 0;
		};
/* End PBXSourcesBuildPhase section */

/* Begin PBXVariantGroup section */
		EFD0A260212FAE0B0074BC4A /* Main.storyboard */ = {
			isa = PBXVariantGroup;
			children = (
				EFD0A261212FAE0B0074BC4A /* Base */,
			);
			name = Main.storyboard;
			sourceTree = "<group>";
		};
		EFD0A265212FAE0D0074BC4A /* LaunchScreen.storyboard */ = {
			isa = PBXVariantGroup;
			children = (
				EFD0A266212FAE0D0074BC4A /* Base */,
			);
			name = LaunchScreen.storyboard;
			sourceTree = "<group>";
		};
/* End PBXVariantGroup section */

/* Begin XCBuildConfiguration section */
		EFD0A269212FAE0D0074BC4A /* Debug */ = {
			isa = XCBuildConfiguration;
			buildSettings = {
				ALWAYS_SEARCH_USER_PATHS = NO;
				CLANG_ANALYZER_NONNULL = YES;
				CLANG_ANALYZER_NUMBER_OBJECT_CONVERSION = YES_AGGRESSIVE;
				CLANG_CXX_LANGUAGE_STANDARD = "gnu++14";
				CLANG_CXX_LIBRARY = "libc++";
				CLANG_ENABLE_MODULES = YES;
				CLANG_ENABLE_OBJC_ARC = YES;
				CLANG_ENABLE_OBJC_WEAK = YES;
				CLANG_WARN_BLOCK_CAPTURE_AUTORELEASING = YES;
				CLANG_WARN_BOOL_CONVERSION = YES;
				CLANG_WARN_COMMA = YES;
				CLANG_WARN_CONSTANT_CONVERSION = YES;
				CLANG_WARN_DEPRECATED_OBJC_IMPLEMENTATIONS = YES;
				CLANG_WARN_DIRECT_OBJC_ISA_USAGE = YES_ERROR;
				CLANG_WARN_DOCUMENTATION_COMMENTS = YES;
				CLANG_WARN_EMPTY_BODY = YES;
				CLANG_WARN_ENUM_CONVERSION = YES;
				CLANG_WARN_INFINITE_RECURSION = YES;
				CLANG_WARN_INT_CONVERSION = YES;
				CLANG_WARN_NON_LITERAL_NULL_CONVERSION = YES;
				CLANG_WARN_OBJC_IMPLICIT_RETAIN_SELF = YES;
				CLANG_WARN_OBJC_LITERAL_CONVERSION = YES;
				CLANG_WARN_OBJC_ROOT_CLASS = YES_ERROR;
				CLANG_WARN_RANGE_LOOP_ANALYSIS = YES;
				CLANG_WARN_STRICT_PROTOTYPES = YES;
				CLANG_WARN_SUSPICIOUS_MOVE = YES;
				CLANG_WARN_UNGUARDED_AVAILABILITY = YES_AGGRESSIVE;
				CLANG_WARN_UNREACHABLE_CODE = YES;
				CLANG_WARN__DUPLICATE_METHOD_MATCH = YES;
				CODE_SIGN_IDENTITY = "iPhone Developer";
				COPY_PHASE_STRIP = NO;
				DEBUG_INFORMATION_FORMAT = dwarf;
				ENABLE_STRICT_OBJC_MSGSEND = YES;
				ENABLE_TESTABILITY = YES;
				GCC_C_LANGUAGE_STANDARD = gnu11;
				GCC_DYNAMIC_NO_PIC = NO;
				GCC_NO_COMMON_BLOCKS = YES;
				GCC_OPTIMIZATION_LEVEL = 0;
				GCC_PREPROCESSOR_DEFINITIONS = (
					"DEBUG=1",
					"$(inherited)",
				);
				GCC_WARN_64_TO_32_BIT_CONVERSION = YES;
				GCC_WARN_ABOUT_RETURN_TYPE = YES_ERROR;
				GCC_WARN_UNDECLARED_SELECTOR = YES;
				GCC_WARN_UNINITIALIZED_AUTOS = YES_AGGRESSIVE;
				GCC_WARN_UNUSED_FUNCTION = YES;
				GCC_WARN_UNUSED_VARIABLE = YES;
				IPHONEOS_DEPLOYMENT_TARGET = 11.4;
				MTL_ENABLE_DEBUG_INFO = YES;
				ONLY_ACTIVE_ARCH = YES;
				SDKROOT = iphoneos;
				SWIFT_ACTIVE_COMPILATION_CONDITIONS = DEBUG;
				SWIFT_OPTIMIZATION_LEVEL = "-Onone";
			};
			name = Debug;
		};
		EFD0A26A212FAE0D0074BC4A /* Release */ = {
			isa = XCBuildConfiguration;
			buildSettings = {
				ALWAYS_SEARCH_USER_PATHS = NO;
				CLANG_ANALYZER_NONNULL = YES;
				CLANG_ANALYZER_NUMBER_OBJECT_CONVERSION = YES_AGGRESSIVE;
				CLANG_CXX_LANGUAGE_STANDARD = "gnu++14";
				CLANG_CXX_LIBRARY = "libc++";
				CLANG_ENABLE_MODULES = YES;
				CLANG_ENABLE_OBJC_ARC = YES;
				CLANG_ENABLE_OBJC_WEAK = YES;
				CLANG_WARN_BLOCK_CAPTURE_AUTORELEASING = YES;
				CLANG_WARN_BOOL_CONVERSION = YES;
				CLANG_WARN_COMMA = YES;
				CLANG_WARN_CONSTANT_CONVERSION = YES;
				CLANG_WARN_DEPRECATED_OBJC_IMPLEMENTATIONS = YES;
				CLANG_WARN_DIRECT_OBJC_ISA_USAGE = YES_ERROR;
				CLANG_WARN_DOCUMENTATION_COMMENTS = YES;
				CLANG_WARN_EMPTY_BODY = YES;
				CLANG_WARN_ENUM_CONVERSION = YES;
				CLANG_WARN_INFINITE_RECURSION = YES;
				CLANG_WARN_INT_CONVERSION = YES;
				CLANG_WARN_NON_LITERAL_NULL_CONVERSION = YES;
				CLANG_WARN_OBJC_IMPLICIT_RETAIN_SELF = YES;
				CLANG_WARN_OBJC_LITERAL_CONVERSION = YES;
				CLANG_WARN_OBJC_ROOT_CLASS = YES_ERROR;
				CLANG_WARN_RANGE_LOOP_ANALYSIS = YES;
				CLANG_WARN_STRICT_PROTOTYPES = YES;
				CLANG_WARN_SUSPICIOUS_MOVE = YES;
				CLANG_WARN_UNGUARDED_AVAILABILITY = YES_AGGRESSIVE;
				CLANG_WARN_UNREACHABLE_CODE = YES;
				CLANG_WARN__DUPLICATE_METHOD_MATCH = YES;
				CODE_SIGN_IDENTITY = "iPhone Developer";
				COPY_PHASE_STRIP = NO;
				DEBUG_INFORMATION_FORMAT = "dwarf-with-dsym";
				ENABLE_NS_ASSERTIONS = NO;
				ENABLE_STRICT_OBJC_MSGSEND = YES;
				GCC_C_LANGUAGE_STANDARD = gnu11;
				GCC_NO_COMMON_BLOCKS = YES;
				GCC_WARN_64_TO_32_BIT_CONVERSION = YES;
				GCC_WARN_ABOUT_RETURN_TYPE = YES_ERROR;
				GCC_WARN_UNDECLARED_SELECTOR = YES;
				GCC_WARN_UNINITIALIZED_AUTOS = YES_AGGRESSIVE;
				GCC_WARN_UNUSED_FUNCTION = YES;
				GCC_WARN_UNUSED_VARIABLE = YES;
				IPHONEOS_DEPLOYMENT_TARGET = 11.4;
				MTL_ENABLE_DEBUG_INFO = NO;
				SDKROOT = iphoneos;
				SWIFT_COMPILATION_MODE = wholemodule;
				SWIFT_OPTIMIZATION_LEVEL = "-O";
				VALIDATE_PRODUCT = YES;
			};
			name = Release;
		};
		EFD0A26C212FAE0D0074BC4A /* Debug */ = {
			isa = XCBuildConfiguration;
			buildSettings = {
				ASSETCATALOG_COMPILER_APPICON_NAME = AppIcon;
				CODE_SIGN_STYLE = Automatic;
				DEVELOPMENT_TEAM = G78PL65G5H;
				INFOPLIST_FILE = Keyframe/Info.plist;
				LD_RUNPATH_SEARCH_PATHS = (
					"$(inherited)",
					"@executable_path/Frameworks",
				);
				PRODUCT_BUNDLE_IDENTIFIER = com.dev.private.Keyframe;
				PRODUCT_NAME = "$(TARGET_NAME)";
				SWIFT_VERSION = 4.0;
				TARGETED_DEVICE_FAMILY = "1,2";
			};
			name = Debug;
		};
		EFD0A26D212FAE0D0074BC4A /* Release */ = {
			isa = XCBuildConfiguration;
			buildSettings = {
				ASSETCATALOG_COMPILER_APPICON_NAME = AppIcon;
				CODE_SIGN_STYLE = Automatic;
				DEVELOPMENT_TEAM = G78PL65G5H;
				INFOPLIST_FILE = Keyframe/Info.plist;
				LD_RUNPATH_SEARCH_PATHS = (
					"$(inherited)",
					"@executable_path/Frameworks",
				);
				PRODUCT_BUNDLE_IDENTIFIER = com.dev.private.Keyframe;
				PRODUCT_NAME = "$(TARGET_NAME)";
				SWIFT_VERSION = 4.0;
				TARGETED_DEVICE_FAMILY = "1,2";
			};
			name = Release;
		};
/* End XCBuildConfiguration section */

/* Begin XCConfigurationList section */
		EFD0A254212FAE0B0074BC4A /* Build configuration list for PBXProject "Keyframe" */ = {
			isa = XCConfigurationList;
			buildConfigurations = (
				EFD0A269212FAE0D0074BC4A /* Debug */,
				EFD0A26A212FAE0D0074BC4A /* Release */,
			);
			defaultConfigurationIsVisible = 0;
			defaultConfigurationName = Release;
		};
		EFD0A26B212FAE0D0074BC4A /* Build configuration list for PBXNativeTarget "Keyframe" */ = {
			isa = XCConfigurationList;
			buildConfigurations = (
				EFD0A26C212FAE0D0074BC4A /* Debug */,
				EFD0A26D212FAE0D0074BC4A /* Release */,
			);
			defaultConfigurationIsVisible = 0;
			defaultConfigurationName = Release;
		};
/* End XCConfigurationList section */
	};
	rootObject = EFD0A251212FAE0B0074BC4A /* Project object */;
}
